
Microsoft Visual Studio Solution File, Format Version 12.00
# Visual Studio Version 17
VisualStudioVersion = 17.1.32228.430
MinimumVisualStudioVersion = 10.0.40219.1
Project("{FAE04EC0-301F-11D3-BF4B-00C04F79EFBC}") = "PL", "PL\PL.csproj", "{C108B1EC-7B5B-4A95-A4C8-D7AD16D3D430}"
EndProject
Project("{FAE04EC0-301F-11D3-BF4B-00C04F79EFBC}") = "ML", "ML\ML.csproj", "{9D6578F8-E8A2-445F-B135-A3B09306E73D}"
EndProject
Project("{FAE04EC0-301F-11D3-BF4B-00C04F79EFBC}") = "BL", "BL\BL.csproj", "{BA8867F4-CA18-49E8-A0DB-22093257EF60}"
EndProject
Project("{FAE04EC0-301F-11D3-BF4B-00C04F79EFBC}") = "DL", "DL\DL.csproj", "{AE3A41E0-BCA9-4839-89F0-A597816A7AA4}"
EndProject
Project("{FAE04EC0-301F-11D3-BF4B-00C04F79EFBC}") = "DL_EF", "DL_EF\DL_EF.csproj", "{B690415B-AFE8-41BE-BA6C-57ECED97573B}"
EndProject
Project("{FAE04EC0-301F-11D3-BF4B-00C04F79EFBC}") = "PL_MVC", "PL_MVC\PL_MVC.csproj", "{B19FB734-92A6-4ADC-AD62-CCC5CA21F686}"
EndProject
Global
	GlobalSection(SolutionConfigurationPlatforms) = preSolution
		Debug|Any CPU = Debug|Any CPU
		Release|Any CPU = Release|Any CPU
	EndGlobalSection
	GlobalSection(ProjectConfigurationPlatforms) = postSolution
		{C108B1EC-7B5B-4A95-A4C8-D7AD16D3D430}.Debug|Any CPU.ActiveCfg = Debug|Any CPU
		{C108B1EC-7B5B-4A95-A4C8-D7AD16D3D430}.Debug|Any CPU.Build.0 = Debug|Any CPU
		{C108B1EC-7B5B-4A95-A4C8-D7AD16D3D430}.Release|Any CPU.ActiveCfg = Release|Any CPU
		{C108B1EC-7B5B-4A95-A4C8-D7AD16D3D430}.Release|Any CPU.Build.0 = Release|Any CPU
		{9D6578F8-E8A2-445F-B135-A3B09306E73D}.Debug|Any CPU.ActiveCfg = Debug|Any CPU
		{9D6578F8-E8A2-445F-B135-A3B09306E73D}.Debug|Any CPU.Build.0 = Debug|Any CPU
		{9D6578F8-E8A2-445F-B135-A3B09306E73D}.Release|Any CPU.ActiveCfg = Release|Any CPU
		{9D6578F8-E8A2-445F-B135-A3B09306E73D}.Release|Any CPU.Build.0 = Release|Any CPU
		{BA8867F4-CA18-49E8-A0DB-22093257EF60}.Debug|Any CPU.ActiveCfg = Debug|Any CPU
		{BA8867F4-CA18-49E8-A0DB-22093257EF60}.Debug|Any CPU.Build.0 = Debug|Any CPU
		{BA8867F4-CA18-49E8-A0DB-22093257EF60}.Release|Any CPU.ActiveCfg = Release|Any CPU
		{BA8867F4-CA18-49E8-A0DB-22093257EF60}.Release|Any CPU.Build.0 = Release|Any CPU
		{AE3A41E0-BCA9-4839-89F0-A597816A7AA4}.Debug|Any CPU.ActiveCfg = Debug|Any CPU
		{AE3A41E0-BCA9-4839-89F0-A597816A7AA4}.Debug|Any CPU.Build.0 = Debug|Any CPU
		{AE3A41E0-BCA9-4839-89F0-A597816A7AA4}.Release|Any CPU.ActiveCfg = Release|Any CPU
		{AE3A41E0-BCA9-4839-89F0-A597816A7AA4}.Release|Any CPU.Build.0 = Release|Any CPU
		{B690415B-AFE8-41BE-BA6C-57ECED97573B}.Debug|Any CPU.ActiveCfg = Debug|Any CPU
		{B690415B-AFE8-41BE-BA6C-57ECED97573B}.Debug|Any CPU.Build.0 = Debug|Any CPU
		{B690415B-AFE8-41BE-BA6C-57ECED97573B}.Release|Any CPU.ActiveCfg = Release|Any CPU
		{B690415B-AFE8-41BE-BA6C-57ECED97573B}.Release|Any CPU.Build.0 = Release|Any CPU
		{B19FB734-92A6-4ADC-AD62-CCC5CA21F686}.Debug|Any CPU.ActiveCfg = Debug|Any CPU
		{B19FB734-92A6-4ADC-AD62-CCC5CA21F686}.Debug|Any CPU.Build.0 = Debug|Any CPU
		{B19FB734-92A6-4ADC-AD62-CCC5CA21F686}.Release|Any CPU.ActiveCfg = Release|Any CPU
		{B19FB734-92A6-4ADC-AD62-CCC5CA21F686}.Release|Any CPU.Build.0 = Release|Any CPU
	EndGlobalSection
	GlobalSection(SolutionProperties) = preSolution
		HideSolutionNode = FALSE
	EndGlobalSection
	GlobalSection(ExtensibilityGlobals) = postSolution
		SolutionGuid = {D9A22E1A-F66E-4017-AB9A-C3E1FA6732A4}
	EndGlobalSection
EndGlobal
